
Microsoft Visual Studio Solution File, Format Version 12.00
# Visual Studio Version 17
VisualStudioVersion = 17.14.36408.4 d17.14
MinimumVisualStudioVersion = 10.0.40219.1
Project("{D2ABAB84-BF74-430A-B69E-9DC6D40DDA17}") = "CANCER_SSAS_FINAL", "CANCER_SSAS_FINAL\CANCER_SSAS_FINAL.dwproj", "{3D8DE194-DE93-2281-433F-5CF89132C051}"
EndProject
Global
	GlobalSection(SolutionConfigurationPlatforms) = preSolution
		Development|Default = Development|Default
	EndGlobalSection
	GlobalSection(ProjectConfigurationPlatforms) = postSolution
		{3D8DE194-DE93-2281-433F-5CF89132C051}.Development|Default.ActiveCfg = Development
		{3D8DE194-DE93-2281-433F-5CF89132C051}.Development|Default.Build.0 = Development
		{3D8DE194-DE93-2281-433F-5CF89132C051}.Development|Default.Deploy.0 = Development
	EndGlobalSection
	GlobalSection(SolutionProperties) = preSolution
		HideSolutionNode = FALSE
	EndGlobalSection
	GlobalSection(ExtensibilityGlobals) = postSolution
		SolutionGuid = {5AC08593-CAE3-4034-A35B-FA95C5215888}
	EndGlobalSection
EndGlobal
